
Microsoft Visual Studio Solution File, Format Version 12.00
# Visual Studio 15
VisualStudioVersion = 15.0.27130.2027
MinimumVisualStudioVersion = 10.0.40219.1
Project("{FAE04EC0-301F-11D3-BF4B-00C04F79EFBC}") = "EF Homework", "EF Homework\EF Homework.csproj", "{0AA36441-25AE-4189-AD3C-0CBDD7924B57}"
EndProject
Global
	GlobalSection(SolutionConfigurationPlatforms) = preSolution
		Debug|Any CPU = Debug|Any CPU
		Release|Any CPU = Release|Any CPU
	EndGlobalSection
	GlobalSection(ProjectConfigurationPlatforms) = postSolution
		{0AA36441-25AE-4189-AD3C-0CBDD7924B57}.Debug|Any CPU.ActiveCfg = Debug|Any CPU
		{0AA36441-25AE-4189-AD3C-0CBDD7924B57}.Debug|Any CPU.Build.0 = Debug|Any CPU
		{0AA36441-25AE-4189-AD3C-0CBDD7924B57}.Release|Any CPU.ActiveCfg = Release|Any CPU
		{0AA36441-25AE-4189-AD3C-0CBDD7924B57}.Release|Any CPU.Build.0 = Release|Any CPU
	EndGlobalSection
	GlobalSection(SolutionProperties) = preSolution
		HideSolutionNode = FALSE
	EndGlobalSection
	GlobalSection(ExtensibilityGlobals) = postSolution
		SolutionGuid = {A08D2296-F1E7-4A8F-B04E-A82EDB6D44FF}
	EndGlobalSection
EndGlobal
